
Microsoft Visual Studio Solution File, Format Version 12.00
# Visual Studio 2012
Project("{FAE04EC0-301F-11D3-BF4B-00C04F79EFBC}") = "HugeStructures-Mono", "src\HugeStructures-Mono.csproj", "{B2BD476C-29E3-466A-AF34-78ADC9EF1700}"
EndProject
Project("{FAE04EC0-301F-11D3-BF4B-00C04F79EFBC}") = "RaptorDB", "src\RaptorDB\RaptorDB.csproj", "{45F6BE30-989A-4749-B6A0-69099C8661F4}"
EndProject
Project("{FAE04EC0-301F-11D3-BF4B-00C04F79EFBC}") = "HugeStructures-Mono.Test", "Test\HugeStructures-Mono.Test.csproj", "{BEC146DB-197D-4FE9-BF63-C5A9345C99E1}"
EndProject
Global
	GlobalSection(SolutionConfigurationPlatforms) = preSolution
		Debug|Any CPU = Debug|Any CPU
		Release|Any CPU = Release|Any CPU
	EndGlobalSection
	GlobalSection(ProjectConfigurationPlatforms) = postSolution
		{B2BD476C-29E3-466A-AF34-78ADC9EF1700}.Debug|Any CPU.ActiveCfg = Debug|Any CPU
		{B2BD476C-29E3-466A-AF34-78ADC9EF1700}.Debug|Any CPU.Build.0 = Debug|Any CPU
		{B2BD476C-29E3-466A-AF34-78ADC9EF1700}.Release|Any CPU.ActiveCfg = Release|Any CPU
		{B2BD476C-29E3-466A-AF34-78ADC9EF1700}.Release|Any CPU.Build.0 = Release|Any CPU
		{45F6BE30-989A-4749-B6A0-69099C8661F4}.Debug|Any CPU.ActiveCfg = Debug|Any CPU
		{45F6BE30-989A-4749-B6A0-69099C8661F4}.Debug|Any CPU.Build.0 = Debug|Any CPU
		{45F6BE30-989A-4749-B6A0-69099C8661F4}.Release|Any CPU.ActiveCfg = Release|Any CPU
		{45F6BE30-989A-4749-B6A0-69099C8661F4}.Release|Any CPU.Build.0 = Release|Any CPU
		{BEC146DB-197D-4FE9-BF63-C5A9345C99E1}.Debug|Any CPU.ActiveCfg = Debug|Any CPU
		{BEC146DB-197D-4FE9-BF63-C5A9345C99E1}.Debug|Any CPU.Build.0 = Debug|Any CPU
		{BEC146DB-197D-4FE9-BF63-C5A9345C99E1}.Release|Any CPU.ActiveCfg = Release|Any CPU
		{BEC146DB-197D-4FE9-BF63-C5A9345C99E1}.Release|Any CPU.Build.0 = Release|Any CPU
	EndGlobalSection
EndGlobal
